# THIS IS AN AUTOGENERATED FILE. DO NOT EDIT THIS FILE DIRECTLY.
# yarn lockfile v1


"@types/node@^16.7.2":
  version "16.7.2"
  resolved "http://nexus.saas.hand-china.com/repository/hzero-npm-group/@types/node/-/node-16.7.2.tgz#0465a39b5456b61a04d98bd5545f8b34be340cb7"
  integrity sha1-BGWjm1RWthoE2YvVVF+LNL40DLc=

typescript@^4.4.2:
  version "4.4.2"
  resolved "http://nexus.saas.hand-china.com/repository/hzero-npm-group/typescript/-/typescript-4.4.2.tgz#6d618640d430e3569a1dfb44f7d7e600ced3ee86"
  integrity sha1-bWGGQNQw41aaHftE99fmAM7T7oY=
